
Microsoft Visual Studio Solution File, Format Version 12.00
# Visual Studio Version 16
VisualStudioVersion = 16.0.810.25
MinimumVisualStudioVersion = 10.0.40219.1
Project("{FAE04EC0-301F-11D3-BF4B-00C04F79EFBC}") = "WordsGame", "WordsGame\WordsGame.csproj", "{26549695-2A8F-4ED6-933E-316D428D5575}"
EndProject
Global
	GlobalSection(SolutionConfigurationPlatforms) = preSolution
		Debug|anycpu = Debug|anycpu
		Release|anycpu = Release|anycpu
	EndGlobalSection
	GlobalSection(ProjectConfigurationPlatforms) = postSolution
		{26549695-2A8F-4ED6-933E-316D428D5575}.Debug|anycpu.ActiveCfg = Debug|anycpu
		{26549695-2A8F-4ED6-933E-316D428D5575}.Debug|anycpu.Build.0 = Debug|anycpu
		{26549695-2A8F-4ED6-933E-316D428D5575}.Release|anycpu.ActiveCfg = Release|anycpu
		{26549695-2A8F-4ED6-933E-316D428D5575}.Release|anycpu.Build.0 = Release|anycpu
	EndGlobalSection
	GlobalSection(SolutionProperties) = preSolution
		HideSolutionNode = FALSE
	EndGlobalSection
	GlobalSection(ExtensibilityGlobals) = postSolution
		SolutionGuid = {9C30AB64-5FB8-4171-9FB0-A9F2E4630B18}
	EndGlobalSection
EndGlobal
